dependencies:
- name: node-feature-discovery
  repository: https://kubernetes-sigs.github.io/node-feature-discovery/charts
  version: 0.14.0
- name: gpu-operator
  repository: https://helm.ngc.nvidia.com/nvidia
  version: v23.9.1
- name: rhoai-ai-poc-template
  repository: file://./charts/rhoai-ai-poc-template
  version: 0.1.0
digest: sha256:ebb2c96beff758d02ff6a408fbfa2ee29e9b646ced113edeb8ea47423b6ae101
generated: "2025-06-18T13:36:07.758366-04:00"
